// !$*UTF8*$!
{
	archiveVersion = 1;
	classes = {
	};
	objectVersion = 56;
	objects = {

/* Begin PBXBuildFile section */
		1930A71B2C597799005EC4C3 /* AppDelegate.swift in Sources */ = {isa = PBXBuildFile; fileRef = 1930A71A2C597799005EC4C3 /* AppDelegate.swift */; };
		1930A71D2C597799005EC4C3 /* SceneDelegate.swift in Sources */ = {isa = PBXBuildFile; fileRef = 1930A71C2C597799005EC4C3 /* SceneDelegate.swift */; };
		1930A7242C59779B005EC4C3 /* Assets.xcassets in Resources */ = {isa = PBXBuildFile; fileRef = 1930A7232C59779B005EC4C3 /* Assets.xcassets */; };
		1930A7272C59779B005EC4C3 /* Base in Resources */ = {isa = PBXBuildFile; fileRef = 1930A7262C59779B005EC4C3 /* Base */; };
		1930A7322C59779B005EC4C3 /* WorkoutTrackerTests.swift in Sources */ = {isa = PBXBuildFile; fileRef = 1930A7312C59779B005EC4C3 /* WorkoutTrackerTests.swift */; };
		1930A73C2C59779B005EC4C3 /* WorkoutTrackerUITests.swift in Sources */ = {isa = PBXBuildFile; fileRef = 1930A73B2C59779B005EC4C3 /* WorkoutTrackerUITests.swift */; };
		1930A73E2C59779B005EC4C3 /* WorkoutTrackerUITestsLaunchTests.swift in Sources */ = {isa = PBXBuildFile; fileRef = 1930A73D2C59779B005EC4C3 /* WorkoutTrackerUITestsLaunchTests.swift */; };
		1930A7512C597886005EC4C3 /* HomeViewController.swift in Sources */ = {isa = PBXBuildFile; fileRef = 1930A74F2C597886005EC4C3 /* HomeViewController.swift */; };
		1930A7522C597886005EC4C3 /* HomeViewController.xib in Resources */ = {isa = PBXBuildFile; fileRef = 1930A7502C597886005EC4C3 /* HomeViewController.xib */; };
		1930A7552C597AD5005EC4C3 /* Workout.swift in Sources */ = {isa = PBXBuildFile; fileRef = 1930A7542C597AD5005EC4C3 /* Workout.swift */; };
		1930A7572C597B02005EC4C3 /* Exercise.swift in Sources */ = {isa = PBXBuildFile; fileRef = 1930A7562C597B02005EC4C3 /* Exercise.swift */; };
		1930A7592C597B18005EC4C3 /* WorkoutSet.swift in Sources */ = {isa = PBXBuildFile; fileRef = 1930A7582C597B18005EC4C3 /* WorkoutSet.swift */; };
		1930A75C2C597ED2005EC4C3 /* CreateWorkoutTableViewCell.swift in Sources */ = {isa = PBXBuildFile; fileRef = 1930A75A2C597ED2005EC4C3 /* CreateWorkoutTableViewCell.swift */; };
		1930A75D2C597ED2005EC4C3 /* CreateWorkoutTableViewCell.xib in Resources */ = {isa = PBXBuildFile; fileRef = 1930A75B2C597ED2005EC4C3 /* CreateWorkoutTableViewCell.xib */; };
		1930A7622C598023005EC4C3 /* WorkoutTableViewCell.swift in Sources */ = {isa = PBXBuildFile; fileRef = 1930A7602C598023005EC4C3 /* WorkoutTableViewCell.swift */; };
		1930A7632C598023005EC4C3 /* WorkoutTableViewCell.xib in Resources */ = {isa = PBXBuildFile; fileRef = 1930A7612C598023005EC4C3 /* WorkoutTableViewCell.xib */; };
		1930A7662C59C3B9005EC4C3 /* Coordinator.swift in Sources */ = {isa = PBXBuildFile; fileRef = 1930A7652C59C3B9005EC4C3 /* Coordinator.swift */; };
		1930A7682C59C41C005EC4C3 /* HomeCoordinator.swift in Sources */ = {isa = PBXBuildFile; fileRef = 1930A7672C59C41C005EC4C3 /* HomeCoordinator.swift */; };
		1930A7702C59C654005EC4C3 /* WorkoutViewController.swift in Sources */ = {isa = PBXBuildFile; fileRef = 1930A76E2C59C654005EC4C3 /* WorkoutViewController.swift */; };
		1930A7712C59C654005EC4C3 /* WorkoutViewController.xib in Resources */ = {isa = PBXBuildFile; fileRef = 1930A76F2C59C654005EC4C3 /* WorkoutViewController.xib */; };
		1930A7732C59C67D005EC4C3 /* WorkoutViewModel.swift in Sources */ = {isa = PBXBuildFile; fileRef = 1930A7722C59C67D005EC4C3 /* WorkoutViewModel.swift */; };
		1930A7752C59C6A0005EC4C3 /* WorkoutCoordinator.swift in Sources */ = {isa = PBXBuildFile; fileRef = 1930A7742C59C6A0005EC4C3 /* WorkoutCoordinator.swift */; };
		1930A7852C5BCC63005EC4C3 /* WorkoutSetTableViewCell.swift in Sources */ = {isa = PBXBuildFile; fileRef = 1930A7832C5BCC63005EC4C3 /* WorkoutSetTableViewCell.swift */; };
		1930A7862C5BCC63005EC4C3 /* WorkoutSetTableViewCell.xib in Resources */ = {isa = PBXBuildFile; fileRef = 1930A7842C5BCC63005EC4C3 /* WorkoutSetTableViewCell.xib */; };
		1930A79A2C5D29D9005EC4C3 /* ExerciseHeader.swift in Sources */ = {isa = PBXBuildFile; fileRef = 1930A7992C5D29D9005EC4C3 /* ExerciseHeader.swift */; };
		1930A79C2C5D29F3005EC4C3 /* ExerciseHeader.xib in Resources */ = {isa = PBXBuildFile; fileRef = 1930A79B2C5D29F3005EC4C3 /* ExerciseHeader.xib */; };
		1930A7A02C5D30D4005EC4C3 /* ExerciseFooter.swift in Sources */ = {isa = PBXBuildFile; fileRef = 1930A79F2C5D30D4005EC4C3 /* ExerciseFooter.swift */; };
		1930A7A22C5D30E6005EC4C3 /* ExerciseFooter.xib in Resources */ = {isa = PBXBuildFile; fileRef = 1930A7A12C5D30E6005EC4C3 /* ExerciseFooter.xib */; };
		1930A7A42C62A8A6005EC4C3 /* HomeViewModel.swift in Sources */ = {isa = PBXBuildFile; fileRef = 1930A7A32C62A8A6005EC4C3 /* HomeViewModel.swift */; };
		1930A7A82C654807005EC4C3 /* UITableView+Extensions.swift in Sources */ = {isa = PBXBuildFile; fileRef = 1930A7A72C654807005EC4C3 /* UITableView+Extensions.swift */; };
/* End PBXBuildFile section */

/* Begin PBXContainerItemProxy section */
		1930A72E2C59779B005EC4C3 /* PBXContainerItemProxy */ = {
			isa = PBXContainerItemProxy;
			containerPortal = 1930A70F2C597799005EC4C3 /* Project object */;
			proxyType = 1;
			remoteGlobalIDString = 1930A7162C597799005EC4C3;
			remoteInfo = WorkoutTracker;
		};
		1930A7382C59779B005EC4C3 /* PBXContainerItemProxy */ = {
			isa = PBXContainerItemProxy;
			containerPortal = 1930A70F2C597799005EC4C3 /* Project object */;
			proxyType = 1;
			remoteGlobalIDString = 1930A7162C597799005EC4C3;
			remoteInfo = WorkoutTracker;
		};
/* End PBXContainerItemProxy section */

/* Begin PBXFileReference section */
		1930A7172C597799005EC4C3 /* WorkoutTracker.app */ = {isa = PBXFileReference; explicitFileType = wrapper.application; includeInIndex = 0; path = WorkoutTracker.app; sourceTree = BUILT_PRODUCTS_DIR; };
		1930A71A2C597799005EC4C3 /* AppDelegate.swift */ = {isa = PBXFileReference; lastKnownFileType = sourcecode.swift; path = AppDelegate.swift; sourceTree = "<group>"; };
		1930A71C2C597799005EC4C3 /* SceneDelegate.swift */ = {isa = PBXFileReference; lastKnownFileType = sourcecode.swift; path = SceneDelegate.swift; sourceTree = "<group>"; };
		1930A7232C59779B005EC4C3 /* Assets.xcassets */ = {isa = PBXFileReference; lastKnownFileType = folder.assetcatalog; path = Assets.xcassets; sourceTree = "<group>"; };
		1930A7262C59779B005EC4C3 /* Base */ = {isa = PBXFileReference; lastKnownFileType = file.storyboard; name = Base; path = Base.lproj/LaunchScreen.storyboard; sourceTree = "<group>"; };
		1930A7282C59779B005EC4C3 /* Info.plist */ = {isa = PBXFileReference; lastKnownFileType = text.plist.xml; path = Info.plist; sourceTree = "<group>"; };
		1930A72D2C59779B005EC4C3 /* WorkoutTrackerTests.xctest */ = {isa = PBXFileReference; explicitFileType = wrapper.cfbundle; includeInIndex = 0; path = WorkoutTrackerTests.xctest; sourceTree = BUILT_PRODUCTS_DIR; };
		1930A7312C59779B005EC4C3 /* WorkoutTrackerTests.swift */ = {isa = PBXFileReference; lastKnownFileType = sourcecode.swift; path = WorkoutTrackerTests.swift; sourceTree = "<group>"; };
		1930A7372C59779B005EC4C3 /* WorkoutTrackerUITests.xctest */ = {isa = PBXFileReference; explicitFileType = wrapper.cfbundle; includeInIndex = 0; path = WorkoutTrackerUITests.xctest; sourceTree = BUILT_PRODUCTS_DIR; };
		1930A73B2C59779B005EC4C3 /* WorkoutTrackerUITests.swift */ = {isa = PBXFileReference; lastKnownFileType = sourcecode.swift; path = WorkoutTrackerUITests.swift; sourceTree = "<group>"; };
		1930A73D2C59779B005EC4C3 /* WorkoutTrackerUITestsLaunchTests.swift */ = {isa = PBXFileReference; lastKnownFileType = sourcecode.swift; path = WorkoutTrackerUITestsLaunchTests.swift; sourceTree = "<group>"; };
		1930A74F2C597886005EC4C3 /* HomeViewController.swift */ = {isa = PBXFileReference; lastKnownFileType = sourcecode.swift; path = HomeViewController.swift; sourceTree = "<group>"; };
		1930A7502C597886005EC4C3 /* HomeViewController.xib */ = {isa = PBXFileReference; lastKnownFileType = file.xib; path = HomeViewController.xib; sourceTree = "<group>"; };
		1930A7542C597AD5005EC4C3 /* Workout.swift */ = {isa = PBXFileReference; lastKnownFileType = sourcecode.swift; path = Workout.swift; sourceTree = "<group>"; };
		1930A7562C597B02005EC4C3 /* Exercise.swift */ = {isa = PBXFileReference; lastKnownFileType = sourcecode.swift; path = Exercise.swift; sourceTree = "<group>"; };
		1930A7582C597B18005EC4C3 /* WorkoutSet.swift */ = {isa = PBXFileReference; lastKnownFileType = sourcecode.swift; path = WorkoutSet.swift; sourceTree = "<group>"; };
		1930A75A2C597ED2005EC4C3 /* CreateWorkoutTableViewCell.swift */ = {isa = PBXFileReference; lastKnownFileType = sourcecode.swift; path = CreateWorkoutTableViewCell.swift; sourceTree = "<group>"; };
		1930A75B2C597ED2005EC4C3 /* CreateWorkoutTableViewCell.xib */ = {isa = PBXFileReference; lastKnownFileType = file.xib; path = CreateWorkoutTableViewCell.xib; sourceTree = "<group>"; };
		1930A7602C598023005EC4C3 /* WorkoutTableViewCell.swift */ = {isa = PBXFileReference; lastKnownFileType = sourcecode.swift; path = WorkoutTableViewCell.swift; sourceTree = "<group>"; };
		1930A7612C598023005EC4C3 /* WorkoutTableViewCell.xib */ = {isa = PBXFileReference; lastKnownFileType = file.xib; path = WorkoutTableViewCell.xib; sourceTree = "<group>"; };
		1930A7652C59C3B9005EC4C3 /* Coordinator.swift */ = {isa = PBXFileReference; lastKnownFileType = sourcecode.swift; path = Coordinator.swift; sourceTree = "<group>"; };
		1930A7672C59C41C005EC4C3 /* HomeCoordinator.swift */ = {isa = PBXFileReference; lastKnownFileType = sourcecode.swift; path = HomeCoordinator.swift; sourceTree = "<group>"; };
		1930A76E2C59C654005EC4C3 /* WorkoutViewController.swift */ = {isa = PBXFileReference; lastKnownFileType = sourcecode.swift; path = WorkoutViewController.swift; sourceTree = "<group>"; };
		1930A76F2C59C654005EC4C3 /* WorkoutViewController.xib */ = {isa = PBXFileReference; lastKnownFileType = file.xib; path = WorkoutViewController.xib; sourceTree = "<group>"; };
		1930A7722C59C67D005EC4C3 /* WorkoutViewModel.swift */ = {isa = PBXFileReference; lastKnownFileType = sourcecode.swift; path = WorkoutViewModel.swift; sourceTree = "<group>"; };
		1930A7742C59C6A0005EC4C3 /* WorkoutCoordinator.swift */ = {isa = PBXFileReference; lastKnownFileType = sourcecode.swift; path = WorkoutCoordinator.swift; sourceTree = "<group>"; };
		1930A7832C5BCC63005EC4C3 /* WorkoutSetTableViewCell.swift */ = {isa = PBXFileReference; lastKnownFileType = sourcecode.swift; path = WorkoutSetTableViewCell.swift; sourceTree = "<group>"; };
		1930A7842C5BCC63005EC4C3 /* WorkoutSetTableViewCell.xib */ = {isa = PBXFileReference; lastKnownFileType = file.xib; path = WorkoutSetTableViewCell.xib; sourceTree = "<group>"; };
		1930A7992C5D29D9005EC4C3 /* ExerciseHeader.swift */ = {isa = PBXFileReference; lastKnownFileType = sourcecode.swift; path = ExerciseHeader.swift; sourceTree = "<group>"; };
		1930A79B2C5D29F3005EC4C3 /* ExerciseHeader.xib */ = {isa = PBXFileReference; lastKnownFileType = file.xib; path = ExerciseHeader.xib; sourceTree = "<group>"; };
		1930A79F2C5D30D4005EC4C3 /* ExerciseFooter.swift */ = {isa = PBXFileReference; lastKnownFileType = sourcecode.swift; path = ExerciseFooter.swift; sourceTree = "<group>"; };
		1930A7A12C5D30E6005EC4C3 /* ExerciseFooter.xib */ = {isa = PBXFileReference; lastKnownFileType = file.xib; path = ExerciseFooter.xib; sourceTree = "<group>"; };
		1930A7A32C62A8A6005EC4C3 /* HomeViewModel.swift */ = {isa = PBXFileReference; lastKnownFileType = sourcecode.swift; path = HomeViewModel.swift; sourceTree = "<group>"; };
		1930A7A72C654807005EC4C3 /* UITableView+Extensions.swift */ = {isa = PBXFileReference; lastKnownFileType = sourcecode.swift; path = "UITableView+Extensions.swift"; sourceTree = "<group>"; };
/* End PBXFileReference section */

/* Begin PBXFrameworksBuildPhase section */
		1930A7142C597799005EC4C3 /* Frameworks */ = {
			isa = PBXFrameworksBuildPhase;
			buildActionMask = 2147483647;
			files = (
			);
			runOnlyForDeploymentPostprocessing = 0;
		};
		1930A72A2C59779B005EC4C3 /* Frameworks */ = {
			isa = PBXFrameworksBuildPhase;
			buildActionMask = 2147483647;
			files = (
			);
			runOnlyForDeploymentPostprocessing = 0;
		};
		1930A7342C59779B005EC4C3 /* Frameworks */ = {
			isa = PBXFrameworksBuildPhase;
			buildActionMask = 2147483647;
			files = (
			);
			runOnlyForDeploymentPostprocessing = 0;
		};
/* End PBXFrameworksBuildPhase section */

/* Begin PBXGroup section */
		1930A70E2C597799005EC4C3 = {
			isa = PBXGroup;
			children = (
				1930A7192C597799005EC4C3 /* WorkoutTracker */,
				1930A7302C59779B005EC4C3 /* WorkoutTrackerTests */,
				1930A73A2C59779B005EC4C3 /* WorkoutTrackerUITests */,
				1930A7182C597799005EC4C3 /* Products */,
			);
			sourceTree = "<group>";
		};
		1930A7182C597799005EC4C3 /* Products */ = {
			isa = PBXGroup;
			children = (
				1930A7172C597799005EC4C3 /* WorkoutTracker.app */,
				1930A72D2C59779B005EC4C3 /* WorkoutTrackerTests.xctest */,
				1930A7372C59779B005EC4C3 /* WorkoutTrackerUITests.xctest */,
			);
			name = Products;
			sourceTree = "<group>";
		};
		1930A7192C597799005EC4C3 /* WorkoutTracker */ = {
			isa = PBXGroup;
			children = (
				1930A7962C5D25D6005EC4C3 /* Extensions */,
				1930A7692C59C618005EC4C3 /* Workout */,
				1930A7642C59C3A5005EC4C3 /* Navigation */,
				1930A7532C597AC0005EC4C3 /* Models */,
				1930A74A2C59783C005EC4C3 /* Home */,
				1930A71A2C597799005EC4C3 /* AppDelegate.swift */,
				1930A71C2C597799005EC4C3 /* SceneDelegate.swift */,
				1930A7232C59779B005EC4C3 /* Assets.xcassets */,
				1930A7252C59779B005EC4C3 /* LaunchScreen.storyboard */,
				1930A7282C59779B005EC4C3 /* Info.plist */,
			);
			path = WorkoutTracker;
			sourceTree = "<group>";
		};
		1930A7302C59779B005EC4C3 /* WorkoutTrackerTests */ = {
			isa = PBXGroup;
			children = (
				1930A7312C59779B005EC4C3 /* WorkoutTrackerTests.swift */,
			);
			path = WorkoutTrackerTests;
			sourceTree = "<group>";
		};
		1930A73A2C59779B005EC4C3 /* WorkoutTrackerUITests */ = {
			isa = PBXGroup;
			children = (
				1930A73B2C59779B005EC4C3 /* WorkoutTrackerUITests.swift */,
				1930A73D2C59779B005EC4C3 /* WorkoutTrackerUITestsLaunchTests.swift */,
			);
			path = WorkoutTrackerUITests;
			sourceTree = "<group>";
		};
		1930A74A2C59783C005EC4C3 /* Home */ = {
			isa = PBXGroup;
			children = (
				1930A77C2C5B39A1005EC4C3 /* WorkoutCell */,
				1930A77B2C5B3990005EC4C3 /* CreateWorkoutCell */,
				1930A74F2C597886005EC4C3 /* HomeViewController.swift */,
				1930A7502C597886005EC4C3 /* HomeViewController.xib */,
				1930A7672C59C41C005EC4C3 /* HomeCoordinator.swift */,
				1930A7A32C62A8A6005EC4C3 /* HomeViewModel.swift */,
			);
			path = Home;
			sourceTree = "<group>";
		};
		1930A7532C597AC0005EC4C3 /* Models */ = {
			isa = PBXGroup;
			children = (
				1930A7542C597AD5005EC4C3 /* Workout.swift */,
				1930A7562C597B02005EC4C3 /* Exercise.swift */,
				1930A7582C597B18005EC4C3 /* WorkoutSet.swift */,
			);
			path = Models;
			sourceTree = "<group>";
		};
		1930A7642C59C3A5005EC4C3 /* Navigation */ = {
			isa = PBXGroup;
			children = (
				1930A7652C59C3B9005EC4C3 /* Coordinator.swift */,
			);
			path = Navigation;
			sourceTree = "<group>";
		};
		1930A7692C59C618005EC4C3 /* Workout */ = {
			isa = PBXGroup;
			children = (
				1930A79E2C5D30BF005EC4C3 /* ExerciseFooter */,
				1930A79D2C5D2F19005EC4C3 /* ExerciseHeader */,
				1930A7822C5BCC42005EC4C3 /* WorkoutSetCell */,
				1930A76E2C59C654005EC4C3 /* WorkoutViewController.swift */,
				1930A76F2C59C654005EC4C3 /* WorkoutViewController.xib */,
				1930A7722C59C67D005EC4C3 /* WorkoutViewModel.swift */,
				1930A7742C59C6A0005EC4C3 /* WorkoutCoordinator.swift */,
			);
			path = Workout;
			sourceTree = "<group>";
		};
		1930A77B2C5B3990005EC4C3 /* CreateWorkoutCell */ = {
			isa = PBXGroup;
			children = (
				1930A75A2C597ED2005EC4C3 /* CreateWorkoutTableViewCell.swift */,
				1930A75B2C597ED2005EC4C3 /* CreateWorkoutTableViewCell.xib */,
			);
			path = CreateWorkoutCell;
			sourceTree = "<group>";
		};
		1930A77C2C5B39A1005EC4C3 /* WorkoutCell */ = {
			isa = PBXGroup;
			children = (
				1930A7602C598023005EC4C3 /* WorkoutTableViewCell.swift */,
				1930A7612C598023005EC4C3 /* WorkoutTableViewCell.xib */,
			);
			path = WorkoutCell;
			sourceTree = "<group>";
		};
		1930A7822C5BCC42005EC4C3 /* WorkoutSetCell */ = {
			isa = PBXGroup;
			children = (
				1930A7832C5BCC63005EC4C3 /* WorkoutSetTableViewCell.swift */,
				1930A7842C5BCC63005EC4C3 /* WorkoutSetTableViewCell.xib */,
			);
			path = WorkoutSetCell;
			sourceTree = "<group>";
		};
		1930A7962C5D25D6005EC4C3 /* Extensions */ = {
			isa = PBXGroup;
			children = (
				1930A7A72C654807005EC4C3 /* UITableView+Extensions.swift */,
			);
			path = Extensions;
			sourceTree = "<group>";
		};
		1930A79D2C5D2F19005EC4C3 /* ExerciseHeader */ = {
			isa = PBXGroup;
			children = (
				1930A7992C5D29D9005EC4C3 /* ExerciseHeader.swift */,
				1930A79B2C5D29F3005EC4C3 /* ExerciseHeader.xib */,
			);
			path = ExerciseHeader;
			sourceTree = "<group>";
		};
		1930A79E2C5D30BF005EC4C3 /* ExerciseFooter */ = {
			isa = PBXGroup;
			children = (
				1930A79F2C5D30D4005EC4C3 /* ExerciseFooter.swift */,
				1930A7A12C5D30E6005EC4C3 /* ExerciseFooter.xib */,
			);
			path = ExerciseFooter;
			sourceTree = "<group>";
		};
/* End PBXGroup section */

/* Begin PBXNativeTarget section */
		1930A7162C597799005EC4C3 /* WorkoutTracker */ = {
			isa = PBXNativeTarget;
			buildConfigurationList = 1930A7412C59779B005EC4C3 /* Build configuration list for PBXNativeTarget "WorkoutTracker" */;
			buildPhases = (
				1930A7132C597799005EC4C3 /* Sources */,
				1930A7142C597799005EC4C3 /* Frameworks */,
				1930A7152C597799005EC4C3 /* Resources */,
				1930A7A62C62B104005EC4C3 /* Run SwiftLint */,
			);
			buildRules = (
			);
			dependencies = (
			);
			name = WorkoutTracker;
			productName = WorkoutTracker;
			productReference = 1930A7172C597799005EC4C3 /* WorkoutTracker.app */;
			productType = "com.apple.product-type.application";
		};
		1930A72C2C59779B005EC4C3 /* WorkoutTrackerTests */ = {
			isa = PBXNativeTarget;
			buildConfigurationList = 1930A7442C59779B005EC4C3 /* Build configuration list for PBXNativeTarget "WorkoutTrackerTests" */;
			buildPhases = (
				1930A7292C59779B005EC4C3 /* Sources */,
				1930A72A2C59779B005EC4C3 /* Frameworks */,
				1930A72B2C59779B005EC4C3 /* Resources */,
			);
			buildRules = (
			);
			dependencies = (
				1930A72F2C59779B005EC4C3 /* PBXTargetDependency */,
			);
			name = WorkoutTrackerTests;
			productName = WorkoutTrackerTests;
			productReference = 1930A72D2C59779B005EC4C3 /* WorkoutTrackerTests.xctest */;
			productType = "com.apple.product-type.bundle.unit-test";
		};
		1930A7362C59779B005EC4C3 /* WorkoutTrackerUITests */ = {
			isa = PBXNativeTarget;
			buildConfigurationList = 1930A7472C59779B005EC4C3 /* Build configuration list for PBXNativeTarget "WorkoutTrackerUITests" */;
			buildPhases = (
				1930A7332C59779B005EC4C3 /* Sources */,
				1930A7342C59779B005EC4C3 /* Frameworks */,
				1930A7352C59779B005EC4C3 /* Resources */,
			);
			buildRules = (
			);
			dependencies = (
				1930A7392C59779B005EC4C3 /* PBXTargetDependency */,
			);
			name = WorkoutTrackerUITests;
			productName = WorkoutTrackerUITests;
			productReference = 1930A7372C59779B005EC4C3 /* WorkoutTrackerUITests.xctest */;
			productType = "com.apple.product-type.bundle.ui-testing";
		};
/* End PBXNativeTarget section */

/* Begin PBXProject section */
		1930A70F2C597799005EC4C3 /* Project object */ = {
			isa = PBXProject;
			attributes = {
				BuildIndependentTargetsInParallel = 1;
				LastSwiftUpdateCheck = 1530;
				LastUpgradeCheck = 1530;
				TargetAttributes = {
					1930A7162C597799005EC4C3 = {
						CreatedOnToolsVersion = 15.3;
					};
					1930A72C2C59779B005EC4C3 = {
						CreatedOnToolsVersion = 15.3;
						TestTargetID = 1930A7162C597799005EC4C3;
					};
					1930A7362C59779B005EC4C3 = {
						CreatedOnToolsVersion = 15.3;
						TestTargetID = 1930A7162C597799005EC4C3;
					};
				};
			};
			buildConfigurationList = 1930A7122C597799005EC4C3 /* Build configuration list for PBXProject "WorkoutTracker" */;
			compatibilityVersion = "Xcode 14.0";
			developmentRegion = en;
			hasScannedForEncodings = 0;
			knownRegions = (
				en,
				Base,
			);
			mainGroup = 1930A70E2C597799005EC4C3;
			packageReferences = (
				1930A7A52C62B0D3005EC4C3 /* XCRemoteSwiftPackageReference "SwiftLintPlugins" */,
			);
			productRefGroup = 1930A7182C597799005EC4C3 /* Products */;
			projectDirPath = "";
			projectRoot = "";
			targets = (
				1930A7162C597799005EC4C3 /* WorkoutTracker */,
				1930A72C2C59779B005EC4C3 /* WorkoutTrackerTests */,
				1930A7362C59779B005EC4C3 /* WorkoutTrackerUITests */,
			);
		};
/* End PBXProject section */

/* Begin PBXResourcesBuildPhase section */
		1930A7152C597799005EC4C3 /* Resources */ = {
			isa = PBXResourcesBuildPhase;
			buildActionMask = 2147483647;
			files = (
				1930A7712C59C654005EC4C3 /* WorkoutViewController.xib in Resources */,
				1930A7632C598023005EC4C3 /* WorkoutTableViewCell.xib in Resources */,
				1930A7242C59779B005EC4C3 /* Assets.xcassets in Resources */,
				1930A75D2C597ED2005EC4C3 /* CreateWorkoutTableViewCell.xib in Resources */,
				1930A79C2C5D29F3005EC4C3 /* ExerciseHeader.xib in Resources */,
				1930A7272C59779B005EC4C3 /* Base in Resources */,
				1930A7862C5BCC63005EC4C3 /* WorkoutSetTableViewCell.xib in Resources */,
				1930A7522C597886005EC4C3 /* HomeViewController.xib in Resources */,
				1930A7A22C5D30E6005EC4C3 /* ExerciseFooter.xib in Resources */,
			);
			runOnlyForDeploymentPostprocessing = 0;
		};
		1930A72B2C59779B005EC4C3 /* Resources */ = {
			isa = PBXResourcesBuildPhase;
			buildActionMask = 2147483647;
			files = (
			);
			runOnlyForDeploymentPostprocessing = 0;
		};
		1930A7352C59779B005EC4C3 /* Resources */ = {
			isa = PBXResourcesBuildPhase;
			buildActionMask = 2147483647;
			files = (
			);
			runOnlyForDeploymentPostprocessing = 0;
		};
/* End PBXResourcesBuildPhase section */

/* Begin PBXShellScriptBuildPhase section */
		1930A7A62C62B104005EC4C3 /* Run SwiftLint */ = {
			isa = PBXShellScriptBuildPhase;
			buildActionMask = 2147483647;
			files = (
			);
			inputFileListPaths = (
			);
			inputPaths = (
			);
			name = "Run SwiftLint";
			outputFileListPaths = (
			);
			outputPaths = (
			);
			runOnlyForDeploymentPostprocessing = 0;
			shellPath = /bin/sh;
			shellScript = "# Type a script or drag a script file from your workspace to insert its path.\nSWIFT_PACKAGE_DIR=\"${BUILD_DIR%Build/*}SourcePackages/artifacts\"\nSWIFTLINT_CMD=$(ls \"$SWIFT_PACKAGE_DIR\"/swiftlintplugins/SwiftLintBinary/SwiftLintBinary.artifactbundle/swiftlint-*/bin/swiftlint | head -n 1)\n\nif test -f \"$SWIFTLINT_CMD\" 2>&1\nthen\n    \"$SWIFTLINT_CMD\"\nelse\n    echo \"warning: `swiftlint` command not found - See https://github.com/realm/SwiftLint#installation for installation instructions.\"\nfi\n";
		};
/* End PBXShellScriptBuildPhase section */

/* Begin PBXSourcesBuildPhase section */
		1930A7132C597799005EC4C3 /* Sources */ = {
			isa = PBXSourcesBuildPhase;
			buildActionMask = 2147483647;
			files = (
				1930A79A2C5D29D9005EC4C3 /* ExerciseHeader.swift in Sources */,
				1930A7A42C62A8A6005EC4C3 /* HomeViewModel.swift in Sources */,
				1930A7752C59C6A0005EC4C3 /* WorkoutCoordinator.swift in Sources */,
				1930A7702C59C654005EC4C3 /* WorkoutViewController.swift in Sources */,
				1930A7732C59C67D005EC4C3 /* WorkoutViewModel.swift in Sources */,
				1930A71B2C597799005EC4C3 /* AppDelegate.swift in Sources */,
				1930A7662C59C3B9005EC4C3 /* Coordinator.swift in Sources */,
				1930A75C2C597ED2005EC4C3 /* CreateWorkoutTableViewCell.swift in Sources */,
				1930A7592C597B18005EC4C3 /* WorkoutSet.swift in Sources */,
				1930A7A82C654807005EC4C3 /* UITableView+Extensions.swift in Sources */,
				1930A7852C5BCC63005EC4C3 /* WorkoutSetTableViewCell.swift in Sources */,
				1930A71D2C597799005EC4C3 /* SceneDelegate.swift in Sources */,
				1930A7552C597AD5005EC4C3 /* Workout.swift in Sources */,
				1930A7512C597886005EC4C3 /* HomeViewController.swift in Sources */,
				1930A7622C598023005EC4C3 /* WorkoutTableViewCell.swift in Sources */,
				1930A7572C597B02005EC4C3 /* Exercise.swift in Sources */,
				1930A7682C59C41C005EC4C3 /* HomeCoordinator.swift in Sources */,
				1930A7A02C5D30D4005EC4C3 /* ExerciseFooter.swift in Sources */,
			);
			runOnlyForDeploymentPostprocessing = 0;
		};
		1930A7292C59779B005EC4C3 /* Sources */ = {
			isa = PBXSourcesBuildPhase;
			buildActionMask = 2147483647;
			files = (
				1930A7322C59779B005EC4C3 /* WorkoutTrackerTests.swift in Sources */,
			);
			runOnlyForDeploymentPostprocessing = 0;
		};
		1930A7332C59779B005EC4C3 /* Sources */ = {
			isa = PBXSourcesBuildPhase;
			buildActionMask = 2147483647;
			files = (
				1930A73C2C59779B005EC4C3 /* WorkoutTrackerUITests.swift in Sources */,
				1930A73E2C59779B005EC4C3 /* WorkoutTrackerUITestsLaunchTests.swift in Sources */,
			);
			runOnlyForDeploymentPostprocessing = 0;
		};
/* End PBXSourcesBuildPhase section */

/* Begin PBXTargetDependency section */
		1930A72F2C59779B005EC4C3 /* PBXTargetDependency */ = {
			isa = PBXTargetDependency;
			target = 1930A7162C597799005EC4C3 /* WorkoutTracker */;
			targetProxy = 1930A72E2C59779B005EC4C3 /* PBXContainerItemProxy */;
		};
		1930A7392C59779B005EC4C3 /* PBXTargetDependency */ = {
			isa = PBXTargetDependency;
			target = 1930A7162C597799005EC4C3 /* WorkoutTracker */;
			targetProxy = 1930A7382C59779B005EC4C3 /* PBXContainerItemProxy */;
		};
/* End PBXTargetDependency section */

/* Begin PBXVariantGroup section */
		1930A7252C59779B005EC4C3 /* LaunchScreen.storyboard */ = {
			isa = PBXVariantGroup;
			children = (
				1930A7262C59779B005EC4C3 /* Base */,
			);
			name = LaunchScreen.storyboard;
			sourceTree = "<group>";
		};
/* End PBXVariantGroup section */

/* Begin XCBuildConfiguration section */
		1930A73F2C59779B005EC4C3 /* Debug */ = {
			isa = XCBuildConfiguration;
			buildSettings = {
				ALWAYS_SEARCH_USER_PATHS = NO;
				ASSETCATALOG_COMPILER_GENERATE_SWIFT_ASSET_SYMBOL_EXTENSIONS = YES;
				CLANG_ANALYZER_NONNULL = YES;
				CLANG_ANALYZER_NUMBER_OBJECT_CONVERSION = YES_AGGRESSIVE;
				CLANG_CXX_LANGUAGE_STANDARD = "gnu++20";
				CLANG_ENABLE_MODULES = YES;
				CLANG_ENABLE_OBJC_ARC = YES;
				CLANG_ENABLE_OBJC_WEAK = YES;
				CLANG_WARN_BLOCK_CAPTURE_AUTORELEASING = YES;
				CLANG_WARN_BOOL_CONVERSION = YES;
				CLANG_WARN_COMMA = YES;
				CLANG_WARN_CONSTANT_CONVERSION = YES;
				CLANG_WARN_DEPRECATED_OBJC_IMPLEMENTATIONS = YES;
				CLANG_WARN_DIRECT_OBJC_ISA_USAGE = YES_ERROR;
				CLANG_WARN_DOCUMENTATION_COMMENTS = YES;
				CLANG_WARN_EMPTY_BODY = YES;
				CLANG_WARN_ENUM_CONVERSION = YES;
				CLANG_WARN_INFINITE_RECURSION = YES;
				CLANG_WARN_INT_CONVERSION = YES;
				CLANG_WARN_NON_LITERAL_NULL_CONVERSION = YES;
				CLANG_WARN_OBJC_IMPLICIT_RETAIN_SELF = YES;
				CLANG_WARN_OBJC_LITERAL_CONVERSION = YES;
				CLANG_WARN_OBJC_ROOT_CLASS = YES_ERROR;
				CLANG_WARN_QUOTED_INCLUDE_IN_FRAMEWORK_HEADER = YES;
				CLANG_WARN_RANGE_LOOP_ANALYSIS = YES;
				CLANG_WARN_STRICT_PROTOTYPES = YES;
				CLANG_WARN_SUSPICIOUS_MOVE = YES;
				CLANG_WARN_UNGUARDED_AVAILABILITY = YES_AGGRESSIVE;
				CLANG_WARN_UNREACHABLE_CODE = YES;
				CLANG_WARN__DUPLICATE_METHOD_MATCH = YES;
				COPY_PHASE_STRIP = NO;
				DEBUG_INFORMATION_FORMAT = dwarf;
				ENABLE_STRICT_OBJC_MSGSEND = YES;
				ENABLE_TESTABILITY = YES;
				ENABLE_USER_SCRIPT_SANDBOXING = YES;
				GCC_C_LANGUAGE_STANDARD = gnu17;
				GCC_DYNAMIC_NO_PIC = NO;
				GCC_NO_COMMON_BLOCKS = YES;
				GCC_OPTIMIZATION_LEVEL = 0;
				GCC_PREPROCESSOR_DEFINITIONS = (
					"DEBUG=1",
					"$(inherited)",
				);
				GCC_WARN_64_TO_32_BIT_CONVERSION = YES;
				GCC_WARN_ABOUT_RETURN_TYPE = YES_ERROR;
				GCC_WARN_UNDECLARED_SELECTOR = YES;
				GCC_WARN_UNINITIALIZED_AUTOS = YES_AGGRESSIVE;
				GCC_WARN_UNUSED_FUNCTION = YES;
				GCC_WARN_UNUSED_VARIABLE = YES;
				IPHONEOS_DEPLOYMENT_TARGET = 17.4;
				LOCALIZATION_PREFERS_STRING_CATALOGS = YES;
				MTL_ENABLE_DEBUG_INFO = INCLUDE_SOURCE;
				MTL_FAST_MATH = YES;
				ONLY_ACTIVE_ARCH = YES;
				SDKROOT = iphoneos;
				SWIFT_ACTIVE_COMPILATION_CONDITIONS = "DEBUG $(inherited)";
				SWIFT_OPTIMIZATION_LEVEL = "-Onone";
			};
			name = Debug;
		};
		1930A7402C59779B005EC4C3 /* Release */ = {
			isa = XCBuildConfiguration;
			buildSettings = {
				ALWAYS_SEARCH_USER_PATHS = NO;
				ASSETCATALOG_COMPILER_GENERATE_SWIFT_ASSET_SYMBOL_EXTENSIONS = YES;
				CLANG_ANALYZER_NONNULL = YES;
				CLANG_ANALYZER_NUMBER_OBJECT_CONVERSION = YES_AGGRESSIVE;
				CLANG_CXX_LANGUAGE_STANDARD = "gnu++20";
				CLANG_ENABLE_MODULES = YES;
				CLANG_ENABLE_OBJC_ARC = YES;
				CLANG_ENABLE_OBJC_WEAK = YES;
				CLANG_WARN_BLOCK_CAPTURE_AUTORELEASING = YES;
				CLANG_WARN_BOOL_CONVERSION = YES;
				CLANG_WARN_COMMA = YES;
				CLANG_WARN_CONSTANT_CONVERSION = YES;
				CLANG_WARN_DEPRECATED_OBJC_IMPLEMENTATIONS = YES;
				CLANG_WARN_DIRECT_OBJC_ISA_USAGE = YES_ERROR;
				CLANG_WARN_DOCUMENTATION_COMMENTS = YES;
				CLANG_WARN_EMPTY_BODY = YES;
				CLANG_WARN_ENUM_CONVERSION = YES;
				CLANG_WARN_INFINITE_RECURSION = YES;
				CLANG_WARN_INT_CONVERSION = YES;
				CLANG_WARN_NON_LITERAL_NULL_CONVERSION = YES;
				CLANG_WARN_OBJC_IMPLICIT_RETAIN_SELF = YES;
				CLANG_WARN_OBJC_LITERAL_CONVERSION = YES;
				CLANG_WARN_OBJC_ROOT_CLASS = YES_ERROR;
				CLANG_WARN_QUOTED_INCLUDE_IN_FRAMEWORK_HEADER = YES;
				CLANG_WARN_RANGE_LOOP_ANALYSIS = YES;
				CLANG_WARN_STRICT_PROTOTYPES = YES;
				CLANG_WARN_SUSPICIOUS_MOVE = YES;
				CLANG_WARN_UNGUARDED_AVAILABILITY = YES_AGGRESSIVE;
				CLANG_WARN_UNREACHABLE_CODE = YES;
				CLANG_WARN__DUPLICATE_METHOD_MATCH = YES;
				COPY_PHASE_STRIP = NO;
				DEBUG_INFORMATION_FORMAT = "dwarf-with-dsym";
				ENABLE_NS_ASSERTIONS = NO;
				ENABLE_STRICT_OBJC_MSGSEND = YES;
				ENABLE_USER_SCRIPT_SANDBOXING = YES;
				GCC_C_LANGUAGE_STANDARD = gnu17;
				GCC_NO_COMMON_BLOCKS = YES;
				GCC_WARN_64_TO_32_BIT_CONVERSION = YES;
				GCC_WARN_ABOUT_RETURN_TYPE = YES_ERROR;
				GCC_WARN_UNDECLARED_SELECTOR = YES;
				GCC_WARN_UNINITIALIZED_AUTOS = YES_AGGRESSIVE;
				GCC_WARN_UNUSED_FUNCTION = YES;
				GCC_WARN_UNUSED_VARIABLE = YES;
				IPHONEOS_DEPLOYMENT_TARGET = 17.4;
				LOCALIZATION_PREFERS_STRING_CATALOGS = YES;
				MTL_ENABLE_DEBUG_INFO = NO;
				MTL_FAST_MATH = YES;
				SDKROOT = iphoneos;
				SWIFT_COMPILATION_MODE = wholemodule;
				VALIDATE_PRODUCT = YES;
			};
			name = Release;
		};
		1930A7422C59779B005EC4C3 /* Debug */ = {
			isa = XCBuildConfiguration;
			buildSettings = {
				ASSETCATALOG_COMPILER_APPICON_NAME = AppIcon;
				ASSETCATALOG_COMPILER_GLOBAL_ACCENT_COLOR_NAME = AccentColor;
				CODE_SIGN_STYLE = Automatic;
				CURRENT_PROJECT_VERSION = 1;
				DEVELOPMENT_TEAM = GMW53CV982;
				ENABLE_USER_SCRIPT_SANDBOXING = NO;
				GENERATE_INFOPLIST_FILE = YES;
				INFOPLIST_FILE = WorkoutTracker/Info.plist;
				INFOPLIST_KEY_UIApplicationSupportsIndirectInputEvents = YES;
				INFOPLIST_KEY_UILaunchStoryboardName = LaunchScreen;
				INFOPLIST_KEY_UIMainStoryboardFile = "";
				INFOPLIST_KEY_UISupportedInterfaceOrientations_iPad = "UIInterfaceOrientationPortrait UIInterfaceOrientationPortraitUpsideDown UIInterfaceOrientationLandscapeLeft UIInterfaceOrientationLandscapeRight";
				INFOPLIST_KEY_UISupportedInterfaceOrientations_iPhone = "UIInterfaceOrientationPortrait UIInterfaceOrientationLandscapeLeft UIInterfaceOrientationLandscapeRight";
				LD_RUNPATH_SEARCH_PATHS = (
					"$(inherited)",
					"@executable_path/Frameworks",
				);
				MARKETING_VERSION = 1.0;
				PRODUCT_BUNDLE_IDENTIFIER = com.namorosino.WorkoutTracker;
				PRODUCT_NAME = "$(TARGET_NAME)";
				SWIFT_EMIT_LOC_STRINGS = YES;
				SWIFT_VERSION = 5.0;
				TARGETED_DEVICE_FAMILY = "1,2";
			};
			name = Debug;
		};
		1930A7432C59779B005EC4C3 /* Release */ = {
			isa = XCBuildConfiguration;
			buildSettings = {
				ASSETCATALOG_COMPILER_APPICON_NAME = AppIcon;
				ASSETCATALOG_COMPILER_GLOBAL_ACCENT_COLOR_NAME = AccentColor;
				CODE_SIGN_STYLE = Automatic;
				CURRENT_PROJECT_VERSION = 1;
				DEVELOPMENT_TEAM = GMW53CV982;
				ENABLE_USER_SCRIPT_SANDBOXING = NO;
				GENERATE_INFOPLIST_FILE = YES;
				INFOPLIST_FILE = WorkoutTracker/Info.plist;
				INFOPLIST_KEY_UIApplicationSupportsIndirectInputEvents = YES;
				INFOPLIST_KEY_UILaunchStoryboardName = LaunchScreen;
				INFOPLIST_KEY_UIMainStoryboardFile = "";
				INFOPLIST_KEY_UISupportedInterfaceOrientations_iPad = "UIInterfaceOrientationPortrait UIInterfaceOrientationPortraitUpsideDown UIInterfaceOrientationLandscapeLeft UIInterfaceOrientationLandscapeRight";
				INFOPLIST_KEY_UISupportedInterfaceOrientations_iPhone = "UIInterfaceOrientationPortrait UIInterfaceOrientationLandscapeLeft UIInterfaceOrientationLandscapeRight";
				LD_RUNPATH_SEARCH_PATHS = (
					"$(inherited)",
					"@executable_path/Frameworks",
				);
				MARKETING_VERSION = 1.0;
				PRODUCT_BUNDLE_IDENTIFIER = com.namorosino.WorkoutTracker;
				PRODUCT_NAME = "$(TARGET_NAME)";
				SWIFT_EMIT_LOC_STRINGS = YES;
				SWIFT_VERSION = 5.0;
				TARGETED_DEVICE_FAMILY = "1,2";
			};
			name = Release;
		};
		1930A7452C59779B005EC4C3 /* Debug */ = {
			isa = XCBuildConfiguration;
			buildSettings = {
				ALWAYS_EMBED_SWIFT_STANDARD_LIBRARIES = YES;
				BUNDLE_LOADER = "$(TEST_HOST)";
				CODE_SIGN_STYLE = Automatic;
				CURRENT_PROJECT_VERSION = 1;
				DEVELOPMENT_TEAM = GMW53CV982;
				GENERATE_INFOPLIST_FILE = YES;
				IPHONEOS_DEPLOYMENT_TARGET = 17.4;
				MARKETING_VERSION = 1.0;
				PRODUCT_BUNDLE_IDENTIFIER = com.namorosino.WorkoutTrackerTests;
				PRODUCT_NAME = "$(TARGET_NAME)";
				SWIFT_EMIT_LOC_STRINGS = NO;
				SWIFT_VERSION = 5.0;
				TARGETED_DEVICE_FAMILY = "1,2";
				TEST_HOST = "$(BUILT_PRODUCTS_DIR)/WorkoutTracker.app/$(BUNDLE_EXECUTABLE_FOLDER_PATH)/WorkoutTracker";
			};
			name = Debug;
		};
		1930A7462C59779B005EC4C3 /* Release */ = {
			isa = XCBuildConfiguration;
			buildSettings = {
				ALWAYS_EMBED_SWIFT_STANDARD_LIBRARIES = YES;
				BUNDLE_LOADER = "$(TEST_HOST)";
				CODE_SIGN_STYLE = Automatic;
				CURRENT_PROJECT_VERSION = 1;
				DEVELOPMENT_TEAM = GMW53CV982;
				GENERATE_INFOPLIST_FILE = YES;
				IPHONEOS_DEPLOYMENT_TARGET = 17.4;
				MARKETING_VERSION = 1.0;
				PRODUCT_BUNDLE_IDENTIFIER = com.namorosino.WorkoutTrackerTests;
				PRODUCT_NAME = "$(TARGET_NAME)";
				SWIFT_EMIT_LOC_STRINGS = NO;
				SWIFT_VERSION = 5.0;
				TARGETED_DEVICE_FAMILY = "1,2";
				TEST_HOST = "$(BUILT_PRODUCTS_DIR)/WorkoutTracker.app/$(BUNDLE_EXECUTABLE_FOLDER_PATH)/WorkoutTracker";
			};
			name = Release;
		};
		1930A7482C59779B005EC4C3 /* Debug */ = {
			isa = XCBuildConfiguration;
			buildSettings = {
				ALWAYS_EMBED_SWIFT_STANDARD_LIBRARIES = YES;
				CODE_SIGN_STYLE = Automatic;
				CURRENT_PROJECT_VERSION = 1;
				DEVELOPMENT_TEAM = GMW53CV982;
				GENERATE_INFOPLIST_FILE = YES;
				MARKETING_VERSION = 1.0;
				PRODUCT_BUNDLE_IDENTIFIER = com.namorosino.WorkoutTrackerUITests;
				PRODUCT_NAME = "$(TARGET_NAME)";
				SWIFT_EMIT_LOC_STRINGS = NO;
				SWIFT_VERSION = 5.0;
				TARGETED_DEVICE_FAMILY = "1,2";
				TEST_TARGET_NAME = WorkoutTracker;
			};
			name = Debug;
		};
		1930A7492C59779B005EC4C3 /* Release */ = {
			isa = XCBuildConfiguration;
			buildSettings = {
				ALWAYS_EMBED_SWIFT_STANDARD_LIBRARIES = YES;
				CODE_SIGN_STYLE = Automatic;
				CURRENT_PROJECT_VERSION = 1;
				DEVELOPMENT_TEAM = GMW53CV982;
				GENERATE_INFOPLIST_FILE = YES;
				MARKETING_VERSION = 1.0;
				PRODUCT_BUNDLE_IDENTIFIER = com.namorosino.WorkoutTrackerUITests;
				PRODUCT_NAME = "$(TARGET_NAME)";
				SWIFT_EMIT_LOC_STRINGS = NO;
				SWIFT_VERSION = 5.0;
				TARGETED_DEVICE_FAMILY = "1,2";
				TEST_TARGET_NAME = WorkoutTracker;
			};
			name = Release;
		};
/* End XCBuildConfiguration section */

/* Begin XCConfigurationList section */
		1930A7122C597799005EC4C3 /* Build configuration list for PBXProject "WorkoutTracker" */ = {
			isa = XCConfigurationList;
			buildConfigurations = (
				1930A73F2C59779B005EC4C3 /* Debug */,
				1930A7402C59779B005EC4C3 /* Release */,
			);
			defaultConfigurationIsVisible = 0;
			defaultConfigurationName = Release;
		};
		1930A7412C59779B005EC4C3 /* Build configuration list for PBXNativeTarget "WorkoutTracker" */ = {
			isa = XCConfigurationList;
			buildConfigurations = (
				1930A7422C59779B005EC4C3 /* Debug */,
				1930A7432C59779B005EC4C3 /* Release */,
			);
			defaultConfigurationIsVisible = 0;
			defaultConfigurationName = Release;
		};
		1930A7442C59779B005EC4C3 /* Build configuration list for PBXNativeTarget "WorkoutTrackerTests" */ = {
			isa = XCConfigurationList;
			buildConfigurations = (
				1930A7452C59779B005EC4C3 /* Debug */,
				1930A7462C59779B005EC4C3 /* Release */,
			);
			defaultConfigurationIsVisible = 0;
			defaultConfigurationName = Release;
		};
		1930A7472C59779B005EC4C3 /* Build configuration list for PBXNativeTarget "WorkoutTrackerUITests" */ = {
			isa = XCConfigurationList;
			buildConfigurations = (
				1930A7482C59779B005EC4C3 /* Debug */,
				1930A7492C59779B005EC4C3 /* Release */,
			);
			defaultConfigurationIsVisible = 0;
			defaultConfigurationName = Release;
		};
/* End XCConfigurationList section */

/* Begin XCRemoteSwiftPackageReference section */
		1930A7A52C62B0D3005EC4C3 /* XCRemoteSwiftPackageReference "SwiftLintPlugins" */ = {
			isa = XCRemoteSwiftPackageReference;
			repositoryURL = "https://github.com/SimplyDanny/SwiftLintPlugins";
			requirement = {
				kind = upToNextMajorVersion;
				minimumVersion = 0.55.1;
			};
		};
/* End XCRemoteSwiftPackageReference section */
	};
	rootObject = 1930A70F2C597799005EC4C3 /* Project object */;
}
